// !$*UTF8*$!
{
	archiveVersion = 1;
	classes = {
	};
	objectVersion = 48;
	objects = {

/* Begin PBXBuildFile section */
		4F34AE9D353F646F81963B5A /* Pods_DoorGateTests.framework in Frameworks */ = {isa = PBXBuildFile; fileRef = 6C309E9ADD0FBA2A86CE457E /* Pods_DoorGateTests.framework */; };
		8E2AFD825D657AD0905E2FE9 /* Pods_DoorGate.framework in Frameworks */ = {isa = PBXBuildFile; fileRef = 22D3201FE43999AB240013B3 /* Pods_DoorGate.framework */; };
		926D4D172012546200F3CB4C /* AppDelegate.swift in Sources */ = {isa = PBXBuildFile; fileRef = 926D4D162012546200F3CB4C /* AppDelegate.swift */; };
		926D4D192012546200F3CB4C /* ViewController.swift in Sources */ = {isa = PBXBuildFile; fileRef = 926D4D182012546200F3CB4C /* ViewController.swift */; };
		926D4D1C2012546200F3CB4C /* Main.storyboard in Resources */ = {isa = PBXBuildFile; fileRef = 926D4D1A2012546200F3CB4C /* Main.storyboard */; };
		926D4D1E2012546200F3CB4C /* Assets.xcassets in Resources */ = {isa = PBXBuildFile; fileRef = 926D4D1D2012546200F3CB4C /* Assets.xcassets */; };
		926D4D212012546200F3CB4C /* LaunchScreen.storyboard in Resources */ = {isa = PBXBuildFile; fileRef = 926D4D1F2012546200F3CB4C /* LaunchScreen.storyboard */; };
		926D4D2C2012546200F3CB4C /* DoorGateTests.swift in Sources */ = {isa = PBXBuildFile; fileRef = 926D4D2B2012546200F3CB4C /* DoorGateTests.swift */; };
		926D4D372012546200F3CB4C /* DoorGateUITests.swift in Sources */ = {isa = PBXBuildFile; fileRef = 926D4D362012546200F3CB4C /* DoorGateUITests.swift */; };
		92FC9E91201B90BB00FAE803 /* DoorState.swift in Sources */ = {isa = PBXBuildFile; fileRef = 92FC9E90201B90BB00FAE803 /* DoorState.swift */; };
		92FC9E94201B90F900FAE803 /* DoorCommand.swift in Sources */ = {isa = PBXBuildFile; fileRef = 92FC9E93201B90F900FAE803 /* DoorCommand.swift */; };
		92FC9E96201B910200FAE803 /* DoorPresenter.swift in Sources */ = {isa = PBXBuildFile; fileRef = 92FC9E95201B910200FAE803 /* DoorPresenter.swift */; };
		92FC9E98201F797600FAE803 /* DoorInteractor.swift in Sources */ = {isa = PBXBuildFile; fileRef = 92FC9E97201F797600FAE803 /* DoorInteractor.swift */; };
		92FC9E9A201F798D00FAE803 /* DoorEntity.swift in Sources */ = {isa = PBXBuildFile; fileRef = 92FC9E99201F798D00FAE803 /* DoorEntity.swift */; };
/* End PBXBuildFile section */

/* Begin PBXContainerItemProxy section */
		926D4D282012546200F3CB4C /* PBXContainerItemProxy */ = {
			isa = PBXContainerItemProxy;
			containerPortal = 926D4D0B2012546200F3CB4C /* Project object */;
			proxyType = 1;
			remoteGlobalIDString = 926D4D122012546200F3CB4C;
			remoteInfo = DoorGate;
		};
		926D4D332012546200F3CB4C /* PBXContainerItemProxy */ = {
			isa = PBXContainerItemProxy;
			containerPortal = 926D4D0B2012546200F3CB4C /* Project object */;
			proxyType = 1;
			remoteGlobalIDString = 926D4D122012546200F3CB4C;
			remoteInfo = DoorGate;
		};
/* End PBXContainerItemProxy section */

/* Begin PBXFileReference section */
		00BA84A2B8C10E3114582E00 /* Pods-DoorGate.debug.xcconfig */ = {isa = PBXFileReference; includeInIndex = 1; lastKnownFileType = text.xcconfig; name = "Pods-DoorGate.debug.xcconfig"; path = "Pods/Target Support Files/Pods-DoorGate/Pods-DoorGate.debug.xcconfig"; sourceTree = "<group>"; };
		028B8AE51A9D17416DA6CCA2 /* Pods-DoorGateTests.release.xcconfig */ = {isa = PBXFileReference; includeInIndex = 1; lastKnownFileType = text.xcconfig; name = "Pods-DoorGateTests.release.xcconfig"; path = "Pods/Target Support Files/Pods-DoorGateTests/Pods-DoorGateTests.release.xcconfig"; sourceTree = "<group>"; };
		22D3201FE43999AB240013B3 /* Pods_DoorGate.framework */ = {isa = PBXFileReference; explicitFileType = wrapper.framework; includeInIndex = 0; path = Pods_DoorGate.framework; sourceTree = BUILT_PRODUCTS_DIR; };
		6BA3CD48F6EED40D49D48B5C /* Pods_DoorGateUITests.framework */ = {isa = PBXFileReference; explicitFileType = wrapper.framework; includeInIndex = 0; path = Pods_DoorGateUITests.framework; sourceTree = BUILT_PRODUCTS_DIR; };
		6C309E9ADD0FBA2A86CE457E /* Pods_DoorGateTests.framework */ = {isa = PBXFileReference; explicitFileType = wrapper.framework; includeInIndex = 0; path = Pods_DoorGateTests.framework; sourceTree = BUILT_PRODUCTS_DIR; };
		856FD84D4DEF52C61C5348AF /* Pods-DoorGate.release.xcconfig */ = {isa = PBXFileReference; includeInIndex = 1; lastKnownFileType = text.xcconfig; name = "Pods-DoorGate.release.xcconfig"; path = "Pods/Target Support Files/Pods-DoorGate/Pods-DoorGate.release.xcconfig"; sourceTree = "<group>"; };
		926D4D132012546200F3CB4C /* DoorGate.app */ = {isa = PBXFileReference; explicitFileType = wrapper.application; includeInIndex = 0; path = DoorGate.app; sourceTree = BUILT_PRODUCTS_DIR; };
		926D4D162012546200F3CB4C /* AppDelegate.swift */ = {isa = PBXFileReference; lastKnownFileType = sourcecode.swift; path = AppDelegate.swift; sourceTree = "<group>"; };
		926D4D182012546200F3CB4C /* ViewController.swift */ = {isa = PBXFileReference; lastKnownFileType = sourcecode.swift; path = ViewController.swift; sourceTree = "<group>"; };
		926D4D1B2012546200F3CB4C /* Base */ = {isa = PBXFileReference; lastKnownFileType = file.storyboard; name = Base; path = Base.lproj/Main.storyboard; sourceTree = "<group>"; };
		926D4D1D2012546200F3CB4C /* Assets.xcassets */ = {isa = PBXFileReference; lastKnownFileType = folder.assetcatalog; path = Assets.xcassets; sourceTree = "<group>"; };
		926D4D202012546200F3CB4C /* Base */ = {isa = PBXFileReference; lastKnownFileType = file.storyboard; name = Base; path = Base.lproj/LaunchScreen.storyboard; sourceTree = "<group>"; };
		926D4D222012546200F3CB4C /* Info.plist */ = {isa = PBXFileReference; lastKnownFileType = text.plist.xml; path = Info.plist; sourceTree = "<group>"; };
		926D4D272012546200F3CB4C /* DoorGateTests.xctest */ = {isa = PBXFileReference; explicitFileType = wrapper.cfbundle; includeInIndex = 0; path = DoorGateTests.xctest; sourceTree = BUILT_PRODUCTS_DIR; };
		926D4D2B2012546200F3CB4C /* DoorGateTests.swift */ = {isa = PBXFileReference; lastKnownFileType = sourcecode.swift; path = DoorGateTests.swift; sourceTree = "<group>"; };
		926D4D2D2012546200F3CB4C /* Info.plist */ = {isa = PBXFileReference; lastKnownFileType = text.plist.xml; path = Info.plist; sourceTree = "<group>"; };
		926D4D322012546200F3CB4C /* DoorGateUITests.xctest */ = {isa = PBXFileReference; explicitFileType = wrapper.cfbundle; includeInIndex = 0; path = DoorGateUITests.xctest; sourceTree = BUILT_PRODUCTS_DIR; };
		926D4D362012546200F3CB4C /* DoorGateUITests.swift */ = {isa = PBXFileReference; lastKnownFileType = sourcecode.swift; path = DoorGateUITests.swift; sourceTree = "<group>"; };
		926D4D382012546200F3CB4C /* Info.plist */ = {isa = PBXFileReference; lastKnownFileType = text.plist.xml; path = Info.plist; sourceTree = "<group>"; };
		92FC9E90201B90BB00FAE803 /* DoorState.swift */ = {isa = PBXFileReference; lastKnownFileType = sourcecode.swift; path = DoorState.swift; sourceTree = "<group>"; };
		92FC9E93201B90F900FAE803 /* DoorCommand.swift */ = {isa = PBXFileReference; lastKnownFileType = sourcecode.swift; name = DoorCommand.swift; path = /Users/yuliani.noriega/Documents/DoorGate/DoorGate/DoorCommand.swift; sourceTree = "<absolute>"; };
		92FC9E95201B910200FAE803 /* DoorPresenter.swift */ = {isa = PBXFileReference; fileEncoding = 4; lastKnownFileType = sourcecode.swift; path = DoorPresenter.swift; sourceTree = "<group>"; };
		92FC9E97201F797600FAE803 /* DoorInteractor.swift */ = {isa = PBXFileReference; lastKnownFileType = sourcecode.swift; path = DoorInteractor.swift; sourceTree = "<group>"; };
		92FC9E99201F798D00FAE803 /* DoorEntity.swift */ = {isa = PBXFileReference; lastKnownFileType = sourcecode.swift; path = DoorEntity.swift; sourceTree = "<group>"; };
		D0C41039D6634D03BB252DAE /* Pods-DoorGateTests.debug.xcconfig */ = {isa = PBXFileReference; includeInIndex = 1; lastKnownFileType = text.xcconfig; name = "Pods-DoorGateTests.debug.xcconfig"; path = "Pods/Target Support Files/Pods-DoorGateTests/Pods-DoorGateTests.debug.xcconfig"; sourceTree = "<group>"; };
/* End PBXFileReference section */

/* Begin PBXFrameworksBuildPhase section */
		926D4D102012546200F3CB4C /* Frameworks */ = {
			isa = PBXFrameworksBuildPhase;
			buildActionMask = 2147483647;
			files = (
				8E2AFD825D657AD0905E2FE9 /* Pods_DoorGate.framework in Frameworks */,
			);
			runOnlyForDeploymentPostprocessing = 0;
		};
		926D4D242012546200F3CB4C /* Frameworks */ = {
			isa = PBXFrameworksBuildPhase;
			buildActionMask = 2147483647;
			files = (
				4F34AE9D353F646F81963B5A /* Pods_DoorGateTests.framework in Frameworks */,
			);
			runOnlyForDeploymentPostprocessing = 0;
		};
		926D4D2F2012546200F3CB4C /* Frameworks */ = {
			isa = PBXFrameworksBuildPhase;
			buildActionMask = 2147483647;
			files = (
			);
			runOnlyForDeploymentPostprocessing = 0;
		};
/* End PBXFrameworksBuildPhase section */

/* Begin PBXGroup section */
		660AA0AF5F39685CC07DD91E /* Pods */ = {
			isa = PBXGroup;
			children = (
				00BA84A2B8C10E3114582E00 /* Pods-DoorGate.debug.xcconfig */,
				856FD84D4DEF52C61C5348AF /* Pods-DoorGate.release.xcconfig */,
				D0C41039D6634D03BB252DAE /* Pods-DoorGateTests.debug.xcconfig */,
				028B8AE51A9D17416DA6CCA2 /* Pods-DoorGateTests.release.xcconfig */,
			);
			name = Pods;
			sourceTree = "<group>";
		};
		926D4D0A2012546200F3CB4C = {
			isa = PBXGroup;
			children = (
				926D4D152012546200F3CB4C /* DoorGate */,
				926D4D2A2012546200F3CB4C /* DoorGateTests */,
				926D4D352012546200F3CB4C /* DoorGateUITests */,
				926D4D142012546200F3CB4C /* Products */,
				660AA0AF5F39685CC07DD91E /* Pods */,
				FC59845B56C0027A0C9693C5 /* Frameworks */,
			);
			sourceTree = "<group>";
		};
		926D4D142012546200F3CB4C /* Products */ = {
			isa = PBXGroup;
			children = (
				926D4D132012546200F3CB4C /* DoorGate.app */,
				926D4D272012546200F3CB4C /* DoorGateTests.xctest */,
				926D4D322012546200F3CB4C /* DoorGateUITests.xctest */,
			);
			name = Products;
			sourceTree = "<group>";
		};
		926D4D152012546200F3CB4C /* DoorGate */ = {
			isa = PBXGroup;
			children = (
				926D4D162012546200F3CB4C /* AppDelegate.swift */,
				92FC9E93201B90F900FAE803 /* DoorCommand.swift */,
				92FC9E90201B90BB00FAE803 /* DoorState.swift */,
				92FC9E99201F798D00FAE803 /* DoorEntity.swift */,
				92FC9E95201B910200FAE803 /* DoorPresenter.swift */,
				926D4D182012546200F3CB4C /* ViewController.swift */,
				926D4D1A2012546200F3CB4C /* Main.storyboard */,
				926D4D1D2012546200F3CB4C /* Assets.xcassets */,
				926D4D1F2012546200F3CB4C /* LaunchScreen.storyboard */,
				926D4D222012546200F3CB4C /* Info.plist */,
				92FC9E97201F797600FAE803 /* DoorInteractor.swift */,
			);
			path = DoorGate;
			sourceTree = "<group>";
		};
		926D4D2A2012546200F3CB4C /* DoorGateTests */ = {
			isa = PBXGroup;
			children = (
				926D4D2B2012546200F3CB4C /* DoorGateTests.swift */,
				926D4D2D2012546200F3CB4C /* Info.plist */,
			);
			path = DoorGateTests;
			sourceTree = "<group>";
		};
		926D4D352012546200F3CB4C /* DoorGateUITests */ = {
			isa = PBXGroup;
			children = (
				926D4D362012546200F3CB4C /* DoorGateUITests.swift */,
				926D4D382012546200F3CB4C /* Info.plist */,
			);
			path = DoorGateUITests;
			sourceTree = "<group>";
		};
		FC59845B56C0027A0C9693C5 /* Frameworks */ = {
			isa = PBXGroup;
			children = (
				22D3201FE43999AB240013B3 /* Pods_DoorGate.framework */,
				6C309E9ADD0FBA2A86CE457E /* Pods_DoorGateTests.framework */,
				6BA3CD48F6EED40D49D48B5C /* Pods_DoorGateUITests.framework */,
			);
			name = Frameworks;
			sourceTree = "<group>";
		};
/* End PBXGroup section */

/* Begin PBXNativeTarget section */
		926D4D122012546200F3CB4C /* DoorGate */ = {
			isa = PBXNativeTarget;
			buildConfigurationList = 926D4D3B2012546200F3CB4C /* Build configuration list for PBXNativeTarget "DoorGate" */;
			buildPhases = (
				23D05CD96189569A93D08465 /* [CP] Check Pods Manifest.lock */,
				926D4D0F2012546200F3CB4C /* Sources */,
				926D4D102012546200F3CB4C /* Frameworks */,
				926D4D112012546200F3CB4C /* Resources */,
				9C76D4DC2203D5367A4E81F6 /* [CP] Embed Pods Frameworks */,
				41D02438B36E1A45F7B9055D /* [CP] Copy Pods Resources */,
			);
			buildRules = (
			);
			dependencies = (
			);
			name = DoorGate;
			productName = DoorGate;
			productReference = 926D4D132012546200F3CB4C /* DoorGate.app */;
			productType = "com.apple.product-type.application";
		};
		926D4D262012546200F3CB4C /* DoorGateTests */ = {
			isa = PBXNativeTarget;
			buildConfigurationList = 926D4D3E2012546200F3CB4C /* Build configuration list for PBXNativeTarget "DoorGateTests" */;
			buildPhases = (
				053345D4012DB0AE16305EFF /* [CP] Check Pods Manifest.lock */,
				926D4D232012546200F3CB4C /* Sources */,
				926D4D242012546200F3CB4C /* Frameworks */,
				926D4D252012546200F3CB4C /* Resources */,
				21C3A841EC2C2C3AA1DA283F /* [CP] Embed Pods Frameworks */,
				1B795ABA5107183135F72729 /* [CP] Copy Pods Resources */,
			);
			buildRules = (
			);
			dependencies = (
				926D4D292012546200F3CB4C /* PBXTargetDependency */,
			);
			name = DoorGateTests;
			productName = DoorGateTests;
			productReference = 926D4D272012546200F3CB4C /* DoorGateTests.xctest */;
			productType = "com.apple.product-type.bundle.unit-test";
		};
		926D4D312012546200F3CB4C /* DoorGateUITests */ = {
			isa = PBXNativeTarget;
			buildConfigurationList = 926D4D412012546200F3CB4C /* Build configuration list for PBXNativeTarget "DoorGateUITests" */;
			buildPhases = (
				926D4D2E2012546200F3CB4C /* Sources */,
				926D4D2F2012546200F3CB4C /* Frameworks */,
				926D4D302012546200F3CB4C /* Resources */,
			);
			buildRules = (
			);
			dependencies = (
				926D4D342012546200F3CB4C /* PBXTargetDependency */,
			);
			name = DoorGateUITests;
			productName = DoorGateUITests;
			productReference = 926D4D322012546200F3CB4C /* DoorGateUITests.xctest */;
			productType = "com.apple.product-type.bundle.ui-testing";
		};
/* End PBXNativeTarget section */

/* Begin PBXProject section */
		926D4D0B2012546200F3CB4C /* Project object */ = {
			isa = PBXProject;
			attributes = {
				LastSwiftUpdateCheck = 0920;
				LastUpgradeCheck = 0920;
				ORGANIZATIONNAME = "Yuliani Noriega";
				TargetAttributes = {
					926D4D122012546200F3CB4C = {
						CreatedOnToolsVersion = 9.2;
						ProvisioningStyle = Automatic;
					};
					926D4D262012546200F3CB4C = {
						CreatedOnToolsVersion = 9.2;
						ProvisioningStyle = Automatic;
						TestTargetID = 926D4D122012546200F3CB4C;
					};
					926D4D312012546200F3CB4C = {
						CreatedOnToolsVersion = 9.2;
						ProvisioningStyle = Automatic;
						TestTargetID = 926D4D122012546200F3CB4C;
					};
				};
			};
			buildConfigurationList = 926D4D0E2012546200F3CB4C /* Build configuration list for PBXProject "DoorGate" */;
			compatibilityVersion = "Xcode 8.0";
			developmentRegion = en;
			hasScannedForEncodings = 0;
			knownRegions = (
				en,
				Base,
			);
			mainGroup = 926D4D0A2012546200F3CB4C;
			productRefGroup = 926D4D142012546200F3CB4C /* Products */;
			projectDirPath = "";
			projectRoot = "";
			targets = (
				926D4D122012546200F3CB4C /* DoorGate */,
				926D4D262012546200F3CB4C /* DoorGateTests */,
				926D4D312012546200F3CB4C /* DoorGateUITests */,
			);
		};
/* End PBXProject section */

/* Begin PBXResourcesBuildPhase section */
		926D4D112012546200F3CB4C /* Resources */ = {
			isa = PBXResourcesBuildPhase;
			buildActionMask = 2147483647;
			files = (
				926D4D212012546200F3CB4C /* LaunchScreen.storyboard in Resources */,
				926D4D1E2012546200F3CB4C /* Assets.xcassets in Resources */,
				926D4D1C2012546200F3CB4C /* Main.storyboard in Resources */,
			);
			runOnlyForDeploymentPostprocessing = 0;
		};
		926D4D252012546200F3CB4C /* Resources */ = {
			isa = PBXResourcesBuildPhase;
			buildActionMask = 2147483647;
			files = (
			);
			runOnlyForDeploymentPostprocessing = 0;
		};
		926D4D302012546200F3CB4C /* Resources */ = {
			isa = PBXResourcesBuildPhase;
			buildActionMask = 2147483647;
			files = (
			);
			runOnlyForDeploymentPostprocessing = 0;
		};
/* End PBXResourcesBuildPhase section */

/* Begin PBXShellScriptBuildPhase section */
		053345D4012DB0AE16305EFF /* [CP] Check Pods Manifest.lock */ = {
			isa = PBXShellScriptBuildPhase;
			buildActionMask = 2147483647;
			files = (
			);
			inputPaths = (
				"${PODS_PODFILE_DIR_PATH}/Podfile.lock",
				"${PODS_ROOT}/Manifest.lock",
			);
			name = "[CP] Check Pods Manifest.lock";
			outputPaths = (
				"$(DERIVED_FILE_DIR)/Pods-DoorGateTests-checkManifestLockResult.txt",
			);
			runOnlyForDeploymentPostprocessing = 0;
			shellPath = /bin/sh;
			shellScript = "diff \"${PODS_PODFILE_DIR_PATH}/Podfile.lock\" \"${PODS_ROOT}/Manifest.lock\" > /dev/null\nif [ $? != 0 ] ; then\n    # print error to STDERR\n    echo \"error: The sandbox is not in sync with the Podfile.lock. Run 'pod install' or update your CocoaPods installation.\" >&2\n    exit 1\nfi\n# This output is used by Xcode 'outputs' to avoid re-running this script phase.\necho \"SUCCESS\" > \"${SCRIPT_OUTPUT_FILE_0}\"\n";
			showEnvVarsInLog = 0;
		};
		1B795ABA5107183135F72729 /* [CP] Copy Pods Resources */ = {
			isa = PBXShellScriptBuildPhase;
			buildActionMask = 2147483647;
			files = (
			);
			inputPaths = (
			);
			name = "[CP] Copy Pods Resources";
			outputPaths = (
			);
			runOnlyForDeploymentPostprocessing = 0;
			shellPath = /bin/sh;
			shellScript = "\"${SRCROOT}/Pods/Target Support Files/Pods-DoorGateTests/Pods-DoorGateTests-resources.sh\"\n";
			showEnvVarsInLog = 0;
		};
		21C3A841EC2C2C3AA1DA283F /* [CP] Embed Pods Frameworks */ = {
			isa = PBXShellScriptBuildPhase;
			buildActionMask = 2147483647;
			files = (
			);
			inputPaths = (
				"${SRCROOT}/Pods/Target Support Files/Pods-DoorGateTests/Pods-DoorGateTests-frameworks.sh",
				"${BUILT_PRODUCTS_DIR}/RxSwift/RxSwift.framework",
				"${BUILT_PRODUCTS_DIR}/RxBlocking/RxBlocking.framework",
				"${BUILT_PRODUCTS_DIR}/RxTest/RxTest.framework",
			);
			name = "[CP] Embed Pods Frameworks";
			outputPaths = (
				"${TARGET_BUILD_DIR}/${FRAMEWORKS_FOLDER_PATH}/RxSwift.framework",
				"${TARGET_BUILD_DIR}/${FRAMEWORKS_FOLDER_PATH}/RxBlocking.framework",
				"${TARGET_BUILD_DIR}/${FRAMEWORKS_FOLDER_PATH}/RxTest.framework",
			);
			runOnlyForDeploymentPostprocessing = 0;
			shellPath = /bin/sh;
			shellScript = "\"${SRCROOT}/Pods/Target Support Files/Pods-DoorGateTests/Pods-DoorGateTests-frameworks.sh\"\n";
			showEnvVarsInLog = 0;
		};
		23D05CD96189569A93D08465 /* [CP] Check Pods Manifest.lock */ = {
			isa = PBXShellScriptBuildPhase;
			buildActionMask = 2147483647;
			files = (
			);
			inputPaths = (
				"${PODS_PODFILE_DIR_PATH}/Podfile.lock",
				"${PODS_ROOT}/Manifest.lock",
			);
			name = "[CP] Check Pods Manifest.lock";
			outputPaths = (
				"$(DERIVED_FILE_DIR)/Pods-DoorGate-checkManifestLockResult.txt",
			);
			runOnlyForDeploymentPostprocessing = 0;
			shellPath = /bin/sh;
			shellScript = "diff \"${PODS_PODFILE_DIR_PATH}/Podfile.lock\" \"${PODS_ROOT}/Manifest.lock\" > /dev/null\nif [ $? != 0 ] ; then\n    # print error to STDERR\n    echo \"error: The sandbox is not in sync with the Podfile.lock. Run 'pod install' or update your CocoaPods installation.\" >&2\n    exit 1\nfi\n# This output is used by Xcode 'outputs' to avoid re-running this script phase.\necho \"SUCCESS\" > \"${SCRIPT_OUTPUT_FILE_0}\"\n";
			showEnvVarsInLog = 0;
		};
		41D02438B36E1A45F7B9055D /* [CP] Copy Pods Resources */ = {
			isa = PBXShellScriptBuildPhase;
			buildActionMask = 2147483647;
			files = (
			);
			inputPaths = (
			);
			name = "[CP] Copy Pods Resources";
			outputPaths = (
			);
			runOnlyForDeploymentPostprocessing = 0;
			shellPath = /bin/sh;
			shellScript = "\"${SRCROOT}/Pods/Target Support Files/Pods-DoorGate/Pods-DoorGate-resources.sh\"\n";
			showEnvVarsInLog = 0;
		};
		9C76D4DC2203D5367A4E81F6 /* [CP] Embed Pods Frameworks */ = {
			isa = PBXShellScriptBuildPhase;
			buildActionMask = 2147483647;
			files = (
			);
			inputPaths = (
				"${SRCROOT}/Pods/Target Support Files/Pods-DoorGate/Pods-DoorGate-frameworks.sh",
				"${BUILT_PRODUCTS_DIR}/RxCocoa/RxCocoa.framework",
				"${BUILT_PRODUCTS_DIR}/RxSwift/RxSwift.framework",
			);
			name = "[CP] Embed Pods Frameworks";
			outputPaths = (
				"${TARGET_BUILD_DIR}/${FRAMEWORKS_FOLDER_PATH}/RxCocoa.framework",
				"${TARGET_BUILD_DIR}/${FRAMEWORKS_FOLDER_PATH}/RxSwift.framework",
			);
			runOnlyForDeploymentPostprocessing = 0;
			shellPath = /bin/sh;
			shellScript = "\"${SRCROOT}/Pods/Target Support Files/Pods-DoorGate/Pods-DoorGate-frameworks.sh\"\n";
			showEnvVarsInLog = 0;
		};
/* End PBXShellScriptBuildPhase section */

/* Begin PBXSourcesBuildPhase section */
		926D4D0F2012546200F3CB4C /* Sources */ = {
			isa = PBXSourcesBuildPhase;
			buildActionMask = 2147483647;
			files = (
				92FC9E96201B910200FAE803 /* DoorPresenter.swift in Sources */,
				926D4D192012546200F3CB4C /* ViewController.swift in Sources */,
				926D4D172012546200F3CB4C /* AppDelegate.swift in Sources */,
				92FC9E91201B90BB00FAE803 /* DoorState.swift in Sources */,
				92FC9E98201F797600FAE803 /* DoorInteractor.swift in Sources */,
				92FC9E94201B90F900FAE803 /* DoorCommand.swift in Sources */,
				92FC9E9A201F798D00FAE803 /* DoorEntity.swift in Sources */,
			);
			runOnlyForDeploymentPostprocessing = 0;
		};
		926D4D232012546200F3CB4C /* Sources */ = {
			isa = PBXSourcesBuildPhase;
			buildActionMask = 2147483647;
			files = (
				926D4D2C2012546200F3CB4C /* DoorGateTests.swift in Sources */,
			);
			runOnlyForDeploymentPostprocessing = 0;
		};
		926D4D2E2012546200F3CB4C /* Sources */ = {
			isa = PBXSourcesBuildPhase;
			buildActionMask = 2147483647;
			files = (
				926D4D372012546200F3CB4C /* DoorGateUITests.swift in Sources */,
			);
			runOnlyForDeploymentPostprocessing = 0;
		};
/* End PBXSourcesBuildPhase section */

/* Begin PBXTargetDependency section */
		926D4D292012546200F3CB4C /* PBXTargetDependency */ = {
			isa = PBXTargetDependency;
			target = 926D4D122012546200F3CB4C /* DoorGate */;
			targetProxy = 926D4D282012546200F3CB4C /* PBXContainerItemProxy */;
		};
		926D4D342012546200F3CB4C /* PBXTargetDependency */ = {
			isa = PBXTargetDependency;
			target = 926D4D122012546200F3CB4C /* DoorGate */;
			targetProxy = 926D4D332012546200F3CB4C /* PBXContainerItemProxy */;
		};
/* End PBXTargetDependency section */

/* Begin PBXVariantGroup section */
		926D4D1A2012546200F3CB4C /* Main.storyboard */ = {
			isa = PBXVariantGroup;
			children = (
				926D4D1B2012546200F3CB4C /* Base */,
			);
			name = Main.storyboard;
			sourceTree = "<group>";
		};
		926D4D1F2012546200F3CB4C /* LaunchScreen.storyboard */ = {
			isa = PBXVariantGroup;
			children = (
				926D4D202012546200F3CB4C /* Base */,
			);
			name = LaunchScreen.storyboard;
			sourceTree = "<group>";
		};
/* End PBXVariantGroup section */

/* Begin XCBuildConfiguration section */
		926D4D392012546200F3CB4C /* Debug */ = {
			isa = XCBuildConfiguration;
			buildSettings = {
				ALWAYS_SEARCH_USER_PATHS = NO;
				CLANG_ANALYZER_NONNULL = YES;
				CLANG_ANALYZER_NUMBER_OBJECT_CONVERSION = YES_AGGRESSIVE;
				CLANG_CXX_LANGUAGE_STANDARD = "gnu++14";
				CLANG_CXX_LIBRARY = "libc++";
				CLANG_ENABLE_MODULES = YES;
				CLANG_ENABLE_OBJC_ARC = YES;
				CLANG_WARN_BLOCK_CAPTURE_AUTORELEASING = YES;
				CLANG_WARN_BOOL_CONVERSION = YES;
				CLANG_WARN_COMMA = YES;
				CLANG_WARN_CONSTANT_CONVERSION = YES;
				CLANG_WARN_DIRECT_OBJC_ISA_USAGE = YES_ERROR;
				CLANG_WARN_DOCUMENTATION_COMMENTS = YES;
				CLANG_WARN_EMPTY_BODY = YES;
				CLANG_WARN_ENUM_CONVERSION = YES;
				CLANG_WARN_INFINITE_RECURSION = YES;
				CLANG_WARN_INT_CONVERSION = YES;
				CLANG_WARN_NON_LITERAL_NULL_CONVERSION = YES;
				CLANG_WARN_OBJC_LITERAL_CONVERSION = YES;
				CLANG_WARN_OBJC_ROOT_CLASS = YES_ERROR;
				CLANG_WARN_RANGE_LOOP_ANALYSIS = YES;
				CLANG_WARN_STRICT_PROTOTYPES = YES;
				CLANG_WARN_SUSPICIOUS_MOVE = YES;
				CLANG_WARN_UNGUARDED_AVAILABILITY = YES_AGGRESSIVE;
				CLANG_WARN_UNREACHABLE_CODE = YES;
				CLANG_WARN__DUPLICATE_METHOD_MATCH = YES;
				CODE_SIGN_IDENTITY = "iPhone Developer";
				COPY_PHASE_STRIP = NO;
				DEBUG_INFORMATION_FORMAT = dwarf;
				ENABLE_STRICT_OBJC_MSGSEND = YES;
				ENABLE_TESTABILITY = YES;
				GCC_C_LANGUAGE_STANDARD = gnu11;
				GCC_DYNAMIC_NO_PIC = NO;
				GCC_NO_COMMON_BLOCKS = YES;
				GCC_OPTIMIZATION_LEVEL = 0;
				GCC_PREPROCESSOR_DEFINITIONS = (
					"DEBUG=1",
					"$(inherited)",
				);
				GCC_WARN_64_TO_32_BIT_CONVERSION = YES;
				GCC_WARN_ABOUT_RETURN_TYPE = YES_ERROR;
				GCC_WARN_UNDECLARED_SELECTOR = YES;
				GCC_WARN_UNINITIALIZED_AUTOS = YES_AGGRESSIVE;
				GCC_WARN_UNUSED_FUNCTION = YES;
				GCC_WARN_UNUSED_VARIABLE = YES;
				IPHONEOS_DEPLOYMENT_TARGET = 11.2;
				MTL_ENABLE_DEBUG_INFO = YES;
				ONLY_ACTIVE_ARCH = YES;
				SDKROOT = iphoneos;
				SWIFT_ACTIVE_COMPILATION_CONDITIONS = DEBUG;
				SWIFT_OPTIMIZATION_LEVEL = "-Onone";
			};
			name = Debug;
		};
		926D4D3A2012546200F3CB4C /* Release */ = {
			isa = XCBuildConfiguration;
			buildSettings = {
				ALWAYS_SEARCH_USER_PATHS = NO;
				CLANG_ANALYZER_NONNULL = YES;
				CLANG_ANALYZER_NUMBER_OBJECT_CONVERSION = YES_AGGRESSIVE;
				CLANG_CXX_LANGUAGE_STANDARD = "gnu++14";
				CLANG_CXX_LIBRARY = "libc++";
				CLANG_ENABLE_MODULES = YES;
				CLANG_ENABLE_OBJC_ARC = YES;
				CLANG_WARN_BLOCK_CAPTURE_AUTORELEASING = YES;
				CLANG_WARN_BOOL_CONVERSION = YES;
				CLANG_WARN_COMMA = YES;
				CLANG_WARN_CONSTANT_CONVERSION = YES;
				CLANG_WARN_DIRECT_OBJC_ISA_USAGE = YES_ERROR;
				CLANG_WARN_DOCUMENTATION_COMMENTS = YES;
				CLANG_WARN_EMPTY_BODY = YES;
				CLANG_WARN_ENUM_CONVERSION = YES;
				CLANG_WARN_INFINITE_RECURSION = YES;
				CLANG_WARN_INT_CONVERSION = YES;
				CLANG_WARN_NON_LITERAL_NULL_CONVERSION = YES;
				CLANG_WARN_OBJC_LITERAL_CONVERSION = YES;
				CLANG_WARN_OBJC_ROOT_CLASS = YES_ERROR;
				CLANG_WARN_RANGE_LOOP_ANALYSIS = YES;
				CLANG_WARN_STRICT_PROTOTYPES = YES;
				CLANG_WARN_SUSPICIOUS_MOVE = YES;
				CLANG_WARN_UNGUARDED_AVAILABILITY = YES_AGGRESSIVE;
				CLANG_WARN_UNREACHABLE_CODE = YES;
				CLANG_WARN__DUPLICATE_METHOD_MATCH = YES;
				CODE_SIGN_IDENTITY = "iPhone Developer";
				COPY_PHASE_STRIP = NO;
				DEBUG_INFORMATION_FORMAT = "dwarf-with-dsym";
				ENABLE_NS_ASSERTIONS = NO;
				ENABLE_STRICT_OBJC_MSGSEND = YES;
				GCC_C_LANGUAGE_STANDARD = gnu11;
				GCC_NO_COMMON_BLOCKS = YES;
				GCC_WARN_64_TO_32_BIT_CONVERSION = YES;
				GCC_WARN_ABOUT_RETURN_TYPE = YES_ERROR;
				GCC_WARN_UNDECLARED_SELECTOR = YES;
				GCC_WARN_UNINITIALIZED_AUTOS = YES_AGGRESSIVE;
				GCC_WARN_UNUSED_FUNCTION = YES;
				GCC_WARN_UNUSED_VARIABLE = YES;
				IPHONEOS_DEPLOYMENT_TARGET = 11.2;
				MTL_ENABLE_DEBUG_INFO = NO;
				SDKROOT = iphoneos;
				SWIFT_OPTIMIZATION_LEVEL = "-Owholemodule";
				VALIDATE_PRODUCT = YES;
			};
			name = Release;
		};
		926D4D3C2012546200F3CB4C /* Debug */ = {
			isa = XCBuildConfiguration;
			baseConfigurationReference = 00BA84A2B8C10E3114582E00 /* Pods-DoorGate.debug.xcconfig */;
			buildSettings = {
				ALWAYS_EMBED_SWIFT_STANDARD_LIBRARIES = "$(inherited)";
				ASSETCATALOG_COMPILER_APPICON_NAME = AppIcon;
				CODE_SIGN_STYLE = Automatic;
				INFOPLIST_FILE = DoorGate/Info.plist;
				LD_RUNPATH_SEARCH_PATHS = "$(inherited) @executable_path/Frameworks";
				PRODUCT_BUNDLE_IDENTIFIER = com.snagajob.DoorGate;
				PRODUCT_NAME = "$(TARGET_NAME)";
				SWIFT_VERSION = 4.0;
				TARGETED_DEVICE_FAMILY = "1,2";
			};
			name = Debug;
		};
		926D4D3D2012546200F3CB4C /* Release */ = {
			isa = XCBuildConfiguration;
			baseConfigurationReference = 856FD84D4DEF52C61C5348AF /* Pods-DoorGate.release.xcconfig */;
			buildSettings = {
				ALWAYS_EMBED_SWIFT_STANDARD_LIBRARIES = "$(inherited)";
				ASSETCATALOG_COMPILER_APPICON_NAME = AppIcon;
				CODE_SIGN_STYLE = Automatic;
				INFOPLIST_FILE = DoorGate/Info.plist;
				LD_RUNPATH_SEARCH_PATHS = "$(inherited) @executable_path/Frameworks";
				PRODUCT_BUNDLE_IDENTIFIER = com.snagajob.DoorGate;
				PRODUCT_NAME = "$(TARGET_NAME)";
				SWIFT_VERSION = 4.0;
				TARGETED_DEVICE_FAMILY = "1,2";
			};
			name = Release;
		};
		926D4D3F2012546200F3CB4C /* Debug */ = {
			isa = XCBuildConfiguration;
			baseConfigurationReference = D0C41039D6634D03BB252DAE /* Pods-DoorGateTests.debug.xcconfig */;
			buildSettings = {
				ALWAYS_EMBED_SWIFT_STANDARD_LIBRARIES = YES;
				BUNDLE_LOADER = "$(TEST_HOST)";
				CODE_SIGN_STYLE = Automatic;
				INFOPLIST_FILE = DoorGateTests/Info.plist;
				LD_RUNPATH_SEARCH_PATHS = "$(inherited) @executable_path/Frameworks @loader_path/Frameworks";
				PRODUCT_BUNDLE_IDENTIFIER = com.snagajob.DoorGateTests;
				PRODUCT_NAME = "$(TARGET_NAME)";
				SWIFT_VERSION = 4.0;
				TARGETED_DEVICE_FAMILY = "1,2";
				TEST_HOST = "$(BUILT_PRODUCTS_DIR)/DoorGate.app/DoorGate";
			};
			name = Debug;
		};
		926D4D402012546200F3CB4C /* Release */ = {
			isa = XCBuildConfiguration;
			baseConfigurationReference = 028B8AE51A9D17416DA6CCA2 /* Pods-DoorGateTests.release.xcconfig */;
			buildSettings = {
				ALWAYS_EMBED_SWIFT_STANDARD_LIBRARIES = YES;
				BUNDLE_LOADER = "$(TEST_HOST)";
				CODE_SIGN_STYLE = Automatic;
				INFOPLIST_FILE = DoorGateTests/Info.plist;
				LD_RUNPATH_SEARCH_PATHS = "$(inherited) @executable_path/Frameworks @loader_path/Frameworks";
				PRODUCT_BUNDLE_IDENTIFIER = com.snagajob.DoorGateTests;
				PRODUCT_NAME = "$(TARGET_NAME)";
				SWIFT_VERSION = 4.0;
				TARGETED_DEVICE_FAMILY = "1,2";
				TEST_HOST = "$(BUILT_PRODUCTS_DIR)/DoorGate.app/DoorGate";
			};
			name = Release;
		};
		926D4D422012546200F3CB4C /* Debug */ = {
			isa = XCBuildConfiguration;
			buildSettings = {
				ALWAYS_EMBED_SWIFT_STANDARD_LIBRARIES = YES;
				CODE_SIGN_STYLE = Automatic;
				INFOPLIST_FILE = DoorGateUITests/Info.plist;
				LD_RUNPATH_SEARCH_PATHS = "$(inherited) @executable_path/Frameworks @loader_path/Frameworks";
				PRODUCT_BUNDLE_IDENTIFIER = com.snagajob.DoorGateUITests;
				PRODUCT_NAME = "$(TARGET_NAME)";
				SWIFT_VERSION = 4.0;
				TARGETED_DEVICE_FAMILY = "1,2";
				TEST_TARGET_NAME = DoorGate;
			};
			name = Debug;
		};
		926D4D432012546200F3CB4C /* Release */ = {
			isa = XCBuildConfiguration;
			buildSettings = {
				ALWAYS_EMBED_SWIFT_STANDARD_LIBRARIES = YES;
				CODE_SIGN_STYLE = Automatic;
				INFOPLIST_FILE = DoorGateUITests/Info.plist;
				LD_RUNPATH_SEARCH_PATHS = "$(inherited) @executable_path/Frameworks @loader_path/Frameworks";
				PRODUCT_BUNDLE_IDENTIFIER = com.snagajob.DoorGateUITests;
				PRODUCT_NAME = "$(TARGET_NAME)";
				SWIFT_VERSION = 4.0;
				TARGETED_DEVICE_FAMILY = "1,2";
				TEST_TARGET_NAME = DoorGate;
			};
			name = Release;
		};
/* End XCBuildConfiguration section */

/* Begin XCConfigurationList section */
		926D4D0E2012546200F3CB4C /* Build configuration list for PBXProject "DoorGate" */ = {
			isa = XCConfigurationList;
			buildConfigurations = (
				926D4D392012546200F3CB4C /* Debug */,
				926D4D3A2012546200F3CB4C /* Release */,
			);
			defaultConfigurationIsVisible = 0;
			defaultConfigurationName = Release;
		};
		926D4D3B2012546200F3CB4C /* Build configuration list for PBXNativeTarget "DoorGate" */ = {
			isa = XCConfigurationList;
			buildConfigurations = (
				926D4D3C2012546200F3CB4C /* Debug */,
				926D4D3D2012546200F3CB4C /* Release */,
			);
			defaultConfigurationIsVisible = 0;
			defaultConfigurationName = Release;
		};
		926D4D3E2012546200F3CB4C /* Build configuration list for PBXNativeTarget "DoorGateTests" */ = {
			isa = XCConfigurationList;
			buildConfigurations = (
				926D4D3F2012546200F3CB4C /* Debug */,
				926D4D402012546200F3CB4C /* Release */,
			);
			defaultConfigurationIsVisible = 0;
			defaultConfigurationName = Release;
		};
		926D4D412012546200F3CB4C /* Build configuration list for PBXNativeTarget "DoorGateUITests" */ = {
			isa = XCConfigurationList;
			buildConfigurations = (
				926D4D422012546200F3CB4C /* Debug */,
				926D4D432012546200F3CB4C /* Release */,
			);
			defaultConfigurationIsVisible = 0;
			defaultConfigurationName = Release;
		};
/* End XCConfigurationList section */
	};
	rootObject = 926D4D0B2012546200F3CB4C /* Project object */;
}
